
Microsoft Visual Studio Solution File, Format Version 12.00
# Visual Studio 15
VisualStudioVersion = 15.0.27130.2020
MinimumVisualStudioVersion = 10.0.40219.1
Project("{9A19103F-16F7-4668-BE54-9A1E7A4F7556}") = "APIGateway", "APIGateway\APIGateway.csproj", "{E7C677A0-A0DE-4EDF-85EB-62B241D990A0}"
EndProject
Project("{9A19103F-16F7-4668-BE54-9A1E7A4F7556}") = "CustomersAPIServices", "CustomersAPIServices\CustomersAPIServices.csproj", "{49B78E68-510F-41DA-AA24-60DE7A936BEB}"
EndProject
Project("{9A19103F-16F7-4668-BE54-9A1E7A4F7556}") = "Common", "Common\Common.csproj", "{AF579F83-AFD7-4B84-8FC7-F850314D6C9D}"
EndProject
Project("{9A19103F-16F7-4668-BE54-9A1E7A4F7556}") = "Ocelot", "Ocelot\Ocelot.csproj", "{E37DC58C-2327-4548-9035-9A6D4E7C32C2}"
EndProject
Project("{9A19103F-16F7-4668-BE54-9A1E7A4F7556}") = "ProductsAPIServices", "ProductsAPIServices\ProductsAPIServices.csproj", "{7978FBC0-7CD6-4C22-8BAC-DD284A73E6B8}"
EndProject
Project("{FAE04EC0-301F-11D3-BF4B-00C04F79EFBC}") = "UserAPIServices", "UserAPIServices\UserAPIServices.csproj", "{89A52CBC-50FB-4734-B776-52E1BAEFFE29}"
EndProject
Global
	GlobalSection(SolutionConfigurationPlatforms) = preSolution
		Debug|Any CPU = Debug|Any CPU
		Release|Any CPU = Release|Any CPU
	EndGlobalSection
	GlobalSection(ProjectConfigurationPlatforms) = postSolution
		{E7C677A0-A0DE-4EDF-85EB-62B241D990A0}.Debug|Any CPU.ActiveCfg = Debug|Any CPU
		{E7C677A0-A0DE-4EDF-85EB-62B241D990A0}.Debug|Any CPU.Build.0 = Debug|Any CPU
		{E7C677A0-A0DE-4EDF-85EB-62B241D990A0}.Release|Any CPU.ActiveCfg = Release|Any CPU
		{E7C677A0-A0DE-4EDF-85EB-62B241D990A0}.Release|Any CPU.Build.0 = Release|Any CPU
		{49B78E68-510F-41DA-AA24-60DE7A936BEB}.Debug|Any CPU.ActiveCfg = Debug|Any CPU
		{49B78E68-510F-41DA-AA24-60DE7A936BEB}.Debug|Any CPU.Build.0 = Debug|Any CPU
		{49B78E68-510F-41DA-AA24-60DE7A936BEB}.Release|Any CPU.ActiveCfg = Release|Any CPU
		{49B78E68-510F-41DA-AA24-60DE7A936BEB}.Release|Any CPU.Build.0 = Release|Any CPU
		{AF579F83-AFD7-4B84-8FC7-F850314D6C9D}.Debug|Any CPU.ActiveCfg = Debug|Any CPU
		{AF579F83-AFD7-4B84-8FC7-F850314D6C9D}.Debug|Any CPU.Build.0 = Debug|Any CPU
		{AF579F83-AFD7-4B84-8FC7-F850314D6C9D}.Release|Any CPU.ActiveCfg = Release|Any CPU
		{AF579F83-AFD7-4B84-8FC7-F850314D6C9D}.Release|Any CPU.Build.0 = Release|Any CPU
		{E37DC58C-2327-4548-9035-9A6D4E7C32C2}.Debug|Any CPU.ActiveCfg = Debug|Any CPU
		{E37DC58C-2327-4548-9035-9A6D4E7C32C2}.Debug|Any CPU.Build.0 = Debug|Any CPU
		{E37DC58C-2327-4548-9035-9A6D4E7C32C2}.Release|Any CPU.ActiveCfg = Release|Any CPU
		{E37DC58C-2327-4548-9035-9A6D4E7C32C2}.Release|Any CPU.Build.0 = Release|Any CPU
		{7978FBC0-7CD6-4C22-8BAC-DD284A73E6B8}.Debug|Any CPU.ActiveCfg = Debug|Any CPU
		{7978FBC0-7CD6-4C22-8BAC-DD284A73E6B8}.Debug|Any CPU.Build.0 = Debug|Any CPU
		{7978FBC0-7CD6-4C22-8BAC-DD284A73E6B8}.Release|Any CPU.ActiveCfg = Release|Any CPU
		{7978FBC0-7CD6-4C22-8BAC-DD284A73E6B8}.Release|Any CPU.Build.0 = Release|Any CPU
		{89A52CBC-50FB-4734-B776-52E1BAEFFE29}.Debug|Any CPU.ActiveCfg = Debug|Any CPU
		{89A52CBC-50FB-4734-B776-52E1BAEFFE29}.Debug|Any CPU.Build.0 = Debug|Any CPU
		{89A52CBC-50FB-4734-B776-52E1BAEFFE29}.Release|Any CPU.ActiveCfg = Release|Any CPU
		{89A52CBC-50FB-4734-B776-52E1BAEFFE29}.Release|Any CPU.Build.0 = Release|Any CPU
	EndGlobalSection
	GlobalSection(SolutionProperties) = preSolution
		HideSolutionNode = FALSE
	EndGlobalSection
	GlobalSection(ExtensibilityGlobals) = postSolution
		SolutionGuid = {427AD728-1FC5-4275-84A6-4EEE05735B8C}
	EndGlobalSection
EndGlobal
